
Microsoft Visual Studio Solution File, Format Version 12.00
# Visual Studio 15
VisualStudioVersion = 15.0.27130.2027
MinimumVisualStudioVersion = 10.0.40219.1
Project("{FAE04EC0-301F-11D3-BF4B-00C04F79EFBC}") = "WebReport", "WebReport.csproj", "{012BD2B9-28C4-40B0-B0CB-A3257B1FF647}"
EndProject
Global
	GlobalSection(SolutionConfigurationPlatforms) = preSolution
		Debug|Any CPU = Debug|Any CPU
		Release|Any CPU = Release|Any CPU
	EndGlobalSection
	GlobalSection(ProjectConfigurationPlatforms) = postSolution
		{012BD2B9-28C4-40B0-B0CB-A3257B1FF647}.Debug|Any CPU.ActiveCfg = Debug|Any CPU
		{012BD2B9-28C4-40B0-B0CB-A3257B1FF647}.Debug|Any CPU.Build.0 = Debug|Any CPU
		{012BD2B9-28C4-40B0-B0CB-A3257B1FF647}.Release|Any CPU.ActiveCfg = Release|Any CPU
		{012BD2B9-28C4-40B0-B0CB-A3257B1FF647}.Release|Any CPU.Build.0 = Release|Any CPU
	EndGlobalSection
	GlobalSection(SolutionProperties) = preSolution
		HideSolutionNode = FALSE
	EndGlobalSection
	GlobalSection(ExtensibilityGlobals) = postSolution
		SolutionGuid = {5718AF72-9C80-4AAD-B13E-3AFD5D93DF93}
	EndGlobalSection
EndGlobal
